
Microsoft Visual Studio Solution File, Format Version 12.00
# Visual Studio Version 17
Project("{8BC9CEB8-8B4A-11D0-8D11-00A0C91BC942}") = "ALL_BUILD", "out\build\ALL_BUILD.vcxproj", "{0FC8CF9B-7A36-3635-A52A-1503BD447624}"
	ProjectSection(ProjectDependencies) = postProject
		{C880E6F4-9DC8-372A-ABBC-C5E6391BE2A9} = {C880E6F4-9DC8-372A-ABBC-C5E6391BE2A9}
		{3E73858E-4F8E-355E-A9F7-735A299D2987} = {3E73858E-4F8E-355E-A9F7-735A299D2987}
		{D6C74C10-DCE4-3495-B68F-A8CA654AA8A0} = {D6C74C10-DCE4-3495-B68F-A8CA654AA8A0}
		{43024575-4718-3D2D-9301-EFD4F4626E87} = {43024575-4718-3D2D-9301-EFD4F4626E87}
		{A0FC8A91-D5BB-3E73-B964-FBD4017D9FF4} = {A0FC8A91-D5BB-3E73-B964-FBD4017D9FF4}
		{886A386A-90C0-3333-BF01-F5A938A89804} = {886A386A-90C0-3333-BF01-F5A938A89804}
		{8F6BA3FA-8BB0-3EAE-ABB1-DD1B3570F5F4} = {8F6BA3FA-8BB0-3EAE-ABB1-DD1B3570F5F4}
		{D29A29CB-BBC4-32E9-9A2C-A78C3E8BBDC0} = {D29A29CB-BBC4-32E9-9A2C-A78C3E8BBDC0}
		{5FC4E09A-BC90-38FA-97D4-CE03361DA829} = {5FC4E09A-BC90-38FA-97D4-CE03361DA829}
		{7F2066A6-4DE0-39A3-B87A-8A78FF3E7CC0} = {7F2066A6-4DE0-39A3-B87A-8A78FF3E7CC0}
		{CE697338-9F43-39D4-9430-56A25EA31611} = {CE697338-9F43-39D4-9430-56A25EA31611}
		{C3D3DBCB-1D26-3568-B6FB-D9DB4824C46A} = {C3D3DBCB-1D26-3568-B6FB-D9DB4824C46A}
	EndProjectSection
EndProject
Project("{8BC9CEB8-8B4A-11D0-8D11-00A0C91BC942}") = "AICoreTrainer", "out\build\aicore\AICoreTrainer.vcxproj", "{C880E6F4-9DC8-372A-ABBC-C5E6391BE2A9}"
	ProjectSection(ProjectDependencies) = postProject
		{8F6BA3FA-8BB0-3EAE-ABB1-DD1B3570F5F4} = {8F6BA3FA-8BB0-3EAE-ABB1-DD1B3570F5F4}
		{CE697338-9F43-39D4-9430-56A25EA31611} = {CE697338-9F43-39D4-9430-56A25EA31611}
	EndProjectSection
EndProject
Project("{8BC9CEB8-8B4A-11D0-8D11-00A0C91BC942}") = "AICoreUI", "out\build\aicore\AICoreUI.vcxproj", "{3E73858E-4F8E-355E-A9F7-735A299D2987}"
	ProjectSection(ProjectDependencies) = postProject
		{8F6BA3FA-8BB0-3EAE-ABB1-DD1B3570F5F4} = {8F6BA3FA-8BB0-3EAE-ABB1-DD1B3570F5F4}
		{D29A29CB-BBC4-32E9-9A2C-A78C3E8BBDC0} = {D29A29CB-BBC4-32E9-9A2C-A78C3E8BBDC0}
		{CE697338-9F43-39D4-9430-56A25EA31611} = {CE697338-9F43-39D4-9430-56A25EA31611}
	EndProjectSection
EndProject
Project("{8BC9CEB8-8B4A-11D0-8D11-00A0C91BC942}") = "ModelOptimizer", "out\build\aicore\ModelOptimizer.vcxproj", "{D6C74C10-DCE4-3495-B68F-A8CA654AA8A0}"
	ProjectSection(ProjectDependencies) = postProject
		{8F6BA3FA-8BB0-3EAE-ABB1-DD1B3570F5F4} = {8F6BA3FA-8BB0-3EAE-ABB1-DD1B3570F5F4}
		{5FC4E09A-BC90-38FA-97D4-CE03361DA829} = {5FC4E09A-BC90-38FA-97D4-CE03361DA829}
	EndProjectSection
EndProject
Project("{8BC9CEB8-8B4A-11D0-8D11-00A0C91BC942}") = "PatchCoreTrain", "out\build\aicore\PatchCoreTrain.vcxproj", "{43024575-4718-3D2D-9301-EFD4F4626E87}"
	ProjectSection(ProjectDependencies) = postProject
		{8F6BA3FA-8BB0-3EAE-ABB1-DD1B3570F5F4} = {8F6BA3FA-8BB0-3EAE-ABB1-DD1B3570F5F4}
		{D29A29CB-BBC4-32E9-9A2C-A78C3E8BBDC0} = {D29A29CB-BBC4-32E9-9A2C-A78C3E8BBDC0}
	EndProjectSection
EndProject
Project("{8BC9CEB8-8B4A-11D0-8D11-00A0C91BC942}") = "RoiInfer", "out\build\aicore\RoiInfer.vcxproj", "{A0FC8A91-D5BB-3E73-B964-FBD4017D9FF4}"
	ProjectSection(ProjectDependencies) = postProject
		{8F6BA3FA-8BB0-3EAE-ABB1-DD1B3570F5F4} = {8F6BA3FA-8BB0-3EAE-ABB1-DD1B3570F5F4}
		{D29A29CB-BBC4-32E9-9A2C-A78C3E8BBDC0} = {D29A29CB-BBC4-32E9-9A2C-A78C3E8BBDC0}
	EndProjectSection
EndProject
Project("{8BC9CEB8-8B4A-11D0-8D11-00A0C91BC942}") = "RoiTrain", "out\build\aicore\RoiTrain.vcxproj", "{886A386A-90C0-3333-BF01-F5A938A89804}"
	ProjectSection(ProjectDependencies) = postProject
		{8F6BA3FA-8BB0-3EAE-ABB1-DD1B3570F5F4} = {8F6BA3FA-8BB0-3EAE-ABB1-DD1B3570F5F4}
		{D29A29CB-BBC4-32E9-9A2C-A78C3E8BBDC0} = {D29A29CB-BBC4-32E9-9A2C-A78C3E8BBDC0}
	EndProjectSection
EndProject
Project("{8BC9CEB8-8B4A-11D0-8D11-00A0C91BC942}") = "ZERO_CHECK", "out\build\ZERO_CHECK.vcxproj", "{8F6BA3FA-8BB0-3EAE-ABB1-DD1B3570F5F4}"
	ProjectSection(ProjectDependencies) = postProject
	EndProjectSection
EndProject
Project("{8BC9CEB8-8B4A-11D0-8D11-00A0C91BC942}") = "aicore", "out\build\aicore\aicore.vcxproj", "{D29A29CB-BBC4-32E9-9A2C-A78C3E8BBDC0}"
	ProjectSection(ProjectDependencies) = postProject
		{8F6BA3FA-8BB0-3EAE-ABB1-DD1B3570F5F4} = {8F6BA3FA-8BB0-3EAE-ABB1-DD1B3570F5F4}
	EndProjectSection
EndProject
Project("{8BC9CEB8-8B4A-11D0-8D11-00A0C91BC942}") = "aicore_optimizer", "out\build\aicore\aicore_optimizer.vcxproj", "{5FC4E09A-BC90-38FA-97D4-CE03361DA829}"
	ProjectSection(ProjectDependencies) = postProject
		{8F6BA3FA-8BB0-3EAE-ABB1-DD1B3570F5F4} = {8F6BA3FA-8BB0-3EAE-ABB1-DD1B3570F5F4}
	EndProjectSection
EndProject
Project("{8BC9CEB8-8B4A-11D0-8D11-00A0C91BC942}") = "aicore_tests", "out\build\aicore\tests\aicore_tests.vcxproj", "{7F2066A6-4DE0-39A3-B87A-8A78FF3E7CC0}"
	ProjectSection(ProjectDependencies) = postProject
		{8F6BA3FA-8BB0-3EAE-ABB1-DD1B3570F5F4} = {8F6BA3FA-8BB0-3EAE-ABB1-DD1B3570F5F4}
	EndProjectSection
EndProject
Project("{8BC9CEB8-8B4A-11D0-8D11-00A0C91BC942}") = "aicore_trainer", "out\build\aicore\aicore_trainer.vcxproj", "{CE697338-9F43-39D4-9430-56A25EA31611}"
	ProjectSection(ProjectDependencies) = postProject
		{8F6BA3FA-8BB0-3EAE-ABB1-DD1B3570F5F4} = {8F6BA3FA-8BB0-3EAE-ABB1-DD1B3570F5F4}
		{5FC4E09A-BC90-38FA-97D4-CE03361DA829} = {5FC4E09A-BC90-38FA-97D4-CE03361DA829}
	EndProjectSection
EndProject
Project("{8BC9CEB8-8B4A-11D0-8D11-00A0C91BC942}") = "copy_sln", "out\build\copy_sln.vcxproj", "{C3D3DBCB-1D26-3568-B6FB-D9DB4824C46A}"
	ProjectSection(ProjectDependencies) = postProject
		{8F6BA3FA-8BB0-3EAE-ABB1-DD1B3570F5F4} = {8F6BA3FA-8BB0-3EAE-ABB1-DD1B3570F5F4}
	EndProjectSection
EndProject
Global
	GlobalSection(SolutionConfigurationPlatforms) = preSolution
		Debug|x64 = Debug|x64
		Release|x64 = Release|x64
		MinSizeRel|x64 = MinSizeRel|x64
		RelWithDebInfo|x64 = RelWithDebInfo|x64
	EndGlobalSection
	GlobalSection(ProjectConfigurationPlatforms) = postSolution
		{0FC8CF9B-7A36-3635-A52A-1503BD447624}.Debug|x64.ActiveCfg = Debug|x64
		{0FC8CF9B-7A36-3635-A52A-1503BD447624}.Release|x64.ActiveCfg = Release|x64
		{0FC8CF9B-7A36-3635-A52A-1503BD447624}.MinSizeRel|x64.ActiveCfg = MinSizeRel|x64
		{0FC8CF9B-7A36-3635-A52A-1503BD447624}.RelWithDebInfo|x64.ActiveCfg = RelWithDebInfo|x64
		{C880E6F4-9DC8-372A-ABBC-C5E6391BE2A9}.Debug|x64.ActiveCfg = Debug|x64
		{C880E6F4-9DC8-372A-ABBC-C5E6391BE2A9}.Debug|x64.Build.0 = Debug|x64
		{C880E6F4-9DC8-372A-ABBC-C5E6391BE2A9}.Release|x64.ActiveCfg = Release|x64
		{C880E6F4-9DC8-372A-ABBC-C5E6391BE2A9}.Release|x64.Build.0 = Release|x64
		{C880E6F4-9DC8-372A-ABBC-C5E6391BE2A9}.MinSizeRel|x64.ActiveCfg = MinSizeRel|x64
		{C880E6F4-9DC8-372A-ABBC-C5E6391BE2A9}.MinSizeRel|x64.Build.0 = MinSizeRel|x64
		{C880E6F4-9DC8-372A-ABBC-C5E6391BE2A9}.RelWithDebInfo|x64.ActiveCfg = RelWithDebInfo|x64
		{C880E6F4-9DC8-372A-ABBC-C5E6391BE2A9}.RelWithDebInfo|x64.Build.0 = RelWithDebInfo|x64
		{3E73858E-4F8E-355E-A9F7-735A299D2987}.Debug|x64.ActiveCfg = Debug|x64
		{3E73858E-4F8E-355E-A9F7-735A299D2987}.Debug|x64.Build.0 = Debug|x64
		{3E73858E-4F8E-355E-A9F7-735A299D2987}.Release|x64.ActiveCfg = Release|x64
		{3E73858E-4F8E-355E-A9F7-735A299D2987}.Release|x64.Build.0 = Release|x64
		{3E73858E-4F8E-355E-A9F7-735A299D2987}.MinSizeRel|x64.ActiveCfg = MinSizeRel|x64
		{3E73858E-4F8E-355E-A9F7-735A299D2987}.MinSizeRel|x64.Build.0 = MinSizeRel|x64
		{3E73858E-4F8E-355E-A9F7-735A299D2987}.RelWithDebInfo|x64.ActiveCfg = RelWithDebInfo|x64
		{3E73858E-4F8E-355E-A9F7-735A299D2987}.RelWithDebInfo|x64.Build.0 = RelWithDebInfo|x64
		{D6C74C10-DCE4-3495-B68F-A8CA654AA8A0}.Debug|x64.ActiveCfg = Debug|x64
		{D6C74C10-DCE4-3495-B68F-A8CA654AA8A0}.Debug|x64.Build.0 = Debug|x64
		{D6C74C10-DCE4-3495-B68F-A8CA654AA8A0}.Release|x64.ActiveCfg = Release|x64
		{D6C74C10-DCE4-3495-B68F-A8CA654AA8A0}.Release|x64.Build.0 = Release|x64
		{D6C74C10-DCE4-3495-B68F-A8CA654AA8A0}.MinSizeRel|x64.ActiveCfg = MinSizeRel|x64
		{D6C74C10-DCE4-3495-B68F-A8CA654AA8A0}.MinSizeRel|x64.Build.0 = MinSizeRel|x64
		{D6C74C10-DCE4-3495-B68F-A8CA654AA8A0}.RelWithDebInfo|x64.ActiveCfg = RelWithDebInfo|x64
		{D6C74C10-DCE4-3495-B68F-A8CA654AA8A0}.RelWithDebInfo|x64.Build.0 = RelWithDebInfo|x64
		{43024575-4718-3D2D-9301-EFD4F4626E87}.Debug|x64.ActiveCfg = Debug|x64
		{43024575-4718-3D2D-9301-EFD4F4626E87}.Debug|x64.Build.0 = Debug|x64
		{43024575-4718-3D2D-9301-EFD4F4626E87}.Release|x64.ActiveCfg = Release|x64
		{43024575-4718-3D2D-9301-EFD4F4626E87}.Release|x64.Build.0 = Release|x64
		{43024575-4718-3D2D-9301-EFD4F4626E87}.MinSizeRel|x64.ActiveCfg = MinSizeRel|x64
		{43024575-4718-3D2D-9301-EFD4F4626E87}.MinSizeRel|x64.Build.0 = MinSizeRel|x64
		{43024575-4718-3D2D-9301-EFD4F4626E87}.RelWithDebInfo|x64.ActiveCfg = RelWithDebInfo|x64
		{43024575-4718-3D2D-9301-EFD4F4626E87}.RelWithDebInfo|x64.Build.0 = RelWithDebInfo|x64
		{A0FC8A91-D5BB-3E73-B964-FBD4017D9FF4}.Debug|x64.ActiveCfg = Debug|x64
		{A0FC8A91-D5BB-3E73-B964-FBD4017D9FF4}.Debug|x64.Build.0 = Debug|x64
		{A0FC8A91-D5BB-3E73-B964-FBD4017D9FF4}.Release|x64.ActiveCfg = Release|x64
		{A0FC8A91-D5BB-3E73-B964-FBD4017D9FF4}.Release|x64.Build.0 = Release|x64
		{A0FC8A91-D5BB-3E73-B964-FBD4017D9FF4}.MinSizeRel|x64.ActiveCfg = MinSizeRel|x64
		{A0FC8A91-D5BB-3E73-B964-FBD4017D9FF4}.MinSizeRel|x64.Build.0 = MinSizeRel|x64
		{A0FC8A91-D5BB-3E73-B964-FBD4017D9FF4}.RelWithDebInfo|x64.ActiveCfg = RelWithDebInfo|x64
		{A0FC8A91-D5BB-3E73-B964-FBD4017D9FF4}.RelWithDebInfo|x64.Build.0 = RelWithDebInfo|x64
		{886A386A-90C0-3333-BF01-F5A938A89804}.Debug|x64.ActiveCfg = Debug|x64
		{886A386A-90C0-3333-BF01-F5A938A89804}.Debug|x64.Build.0 = Debug|x64
		{886A386A-90C0-3333-BF01-F5A938A89804}.Release|x64.ActiveCfg = Release|x64
		{886A386A-90C0-3333-BF01-F5A938A89804}.Release|x64.Build.0 = Release|x64
		{886A386A-90C0-3333-BF01-F5A938A89804}.MinSizeRel|x64.ActiveCfg = MinSizeRel|x64
		{886A386A-90C0-3333-BF01-F5A938A89804}.MinSizeRel|x64.Build.0 = MinSizeRel|x64
		{886A386A-90C0-3333-BF01-F5A938A89804}.RelWithDebInfo|x64.ActiveCfg = RelWithDebInfo|x64
		{886A386A-90C0-3333-BF01-F5A938A89804}.RelWithDebInfo|x64.Build.0 = RelWithDebInfo|x64
		{8F6BA3FA-8BB0-3EAE-ABB1-DD1B3570F5F4}.Debug|x64.ActiveCfg = Debug|x64
		{8F6BA3FA-8BB0-3EAE-ABB1-DD1B3570F5F4}.Debug|x64.Build.0 = Debug|x64
		{8F6BA3FA-8BB0-3EAE-ABB1-DD1B3570F5F4}.Release|x64.ActiveCfg = Release|x64
		{8F6BA3FA-8BB0-3EAE-ABB1-DD1B3570F5F4}.Release|x64.Build.0 = Release|x64
		{8F6BA3FA-8BB0-3EAE-ABB1-DD1B3570F5F4}.MinSizeRel|x64.ActiveCfg = MinSizeRel|x64
		{8F6BA3FA-8BB0-3EAE-ABB1-DD1B3570F5F4}.MinSizeRel|x64.Build.0 = MinSizeRel|x64
		{8F6BA3FA-8BB0-3EAE-ABB1-DD1B3570F5F4}.RelWithDebInfo|x64.ActiveCfg = RelWithDebInfo|x64
		{8F6BA3FA-8BB0-3EAE-ABB1-DD1B3570F5F4}.RelWithDebInfo|x64.Build.0 = RelWithDebInfo|x64
		{D29A29CB-BBC4-32E9-9A2C-A78C3E8BBDC0}.Debug|x64.ActiveCfg = Debug|x64
		{D29A29CB-BBC4-32E9-9A2C-A78C3E8BBDC0}.Debug|x64.Build.0 = Debug|x64
		{D29A29CB-BBC4-32E9-9A2C-A78C3E8BBDC0}.Release|x64.ActiveCfg = Release|x64
		{D29A29CB-BBC4-32E9-9A2C-A78C3E8BBDC0}.Release|x64.Build.0 = Release|x64
		{D29A29CB-BBC4-32E9-9A2C-A78C3E8BBDC0}.MinSizeRel|x64.ActiveCfg = MinSizeRel|x64
		{D29A29CB-BBC4-32E9-9A2C-A78C3E8BBDC0}.MinSizeRel|x64.Build.0 = MinSizeRel|x64
		{D29A29CB-BBC4-32E9-9A2C-A78C3E8BBDC0}.RelWithDebInfo|x64.ActiveCfg = RelWithDebInfo|x64
		{D29A29CB-BBC4-32E9-9A2C-A78C3E8BBDC0}.RelWithDebInfo|x64.Build.0 = RelWithDebInfo|x64
		{5FC4E09A-BC90-38FA-97D4-CE03361DA829}.Debug|x64.ActiveCfg = Debug|x64
		{5FC4E09A-BC90-38FA-97D4-CE03361DA829}.Debug|x64.Build.0 = Debug|x64
		{5FC4E09A-BC90-38FA-97D4-CE03361DA829}.Release|x64.ActiveCfg = Release|x64
		{5FC4E09A-BC90-38FA-97D4-CE03361DA829}.Release|x64.Build.0 = Release|x64
		{5FC4E09A-BC90-38FA-97D4-CE03361DA829}.MinSizeRel|x64.ActiveCfg = MinSizeRel|x64
		{5FC4E09A-BC90-38FA-97D4-CE03361DA829}.MinSizeRel|x64.Build.0 = MinSizeRel|x64
		{5FC4E09A-BC90-38FA-97D4-CE03361DA829}.RelWithDebInfo|x64.ActiveCfg = RelWithDebInfo|x64
		{5FC4E09A-BC90-38FA-97D4-CE03361DA829}.RelWithDebInfo|x64.Build.0 = RelWithDebInfo|x64
		{7F2066A6-4DE0-39A3-B87A-8A78FF3E7CC0}.Debug|x64.ActiveCfg = Debug|x64
		{7F2066A6-4DE0-39A3-B87A-8A78FF3E7CC0}.Debug|x64.Build.0 = Debug|x64
		{7F2066A6-4DE0-39A3-B87A-8A78FF3E7CC0}.Release|x64.ActiveCfg = Release|x64
		{7F2066A6-4DE0-39A3-B87A-8A78FF3E7CC0}.Release|x64.Build.0 = Release|x64
		{7F2066A6-4DE0-39A3-B87A-8A78FF3E7CC0}.MinSizeRel|x64.ActiveCfg = MinSizeRel|x64
		{7F2066A6-4DE0-39A3-B87A-8A78FF3E7CC0}.MinSizeRel|x64.Build.0 = MinSizeRel|x64
		{7F2066A6-4DE0-39A3-B87A-8A78FF3E7CC0}.RelWithDebInfo|x64.ActiveCfg = RelWithDebInfo|x64
		{7F2066A6-4DE0-39A3-B87A-8A78FF3E7CC0}.RelWithDebInfo|x64.Build.0 = RelWithDebInfo|x64
		{CE697338-9F43-39D4-9430-56A25EA31611}.Debug|x64.ActiveCfg = Debug|x64
		{CE697338-9F43-39D4-9430-56A25EA31611}.Debug|x64.Build.0 = Debug|x64
		{CE697338-9F43-39D4-9430-56A25EA31611}.Release|x64.ActiveCfg = Release|x64
		{CE697338-9F43-39D4-9430-56A25EA31611}.Release|x64.Build.0 = Release|x64
		{CE697338-9F43-39D4-9430-56A25EA31611}.MinSizeRel|x64.ActiveCfg = MinSizeRel|x64
		{CE697338-9F43-39D4-9430-56A25EA31611}.MinSizeRel|x64.Build.0 = MinSizeRel|x64
		{CE697338-9F43-39D4-9430-56A25EA31611}.RelWithDebInfo|x64.ActiveCfg = RelWithDebInfo|x64
		{CE697338-9F43-39D4-9430-56A25EA31611}.RelWithDebInfo|x64.Build.0 = RelWithDebInfo|x64
		{C3D3DBCB-1D26-3568-B6FB-D9DB4824C46A}.Debug|x64.ActiveCfg = Debug|x64
		{C3D3DBCB-1D26-3568-B6FB-D9DB4824C46A}.Debug|x64.Build.0 = Debug|x64
		{C3D3DBCB-1D26-3568-B6FB-D9DB4824C46A}.Release|x64.ActiveCfg = Release|x64
		{C3D3DBCB-1D26-3568-B6FB-D9DB4824C46A}.Release|x64.Build.0 = Release|x64
		{C3D3DBCB-1D26-3568-B6FB-D9DB4824C46A}.MinSizeRel|x64.ActiveCfg = MinSizeRel|x64
		{C3D3DBCB-1D26-3568-B6FB-D9DB4824C46A}.MinSizeRel|x64.Build.0 = MinSizeRel|x64
		{C3D3DBCB-1D26-3568-B6FB-D9DB4824C46A}.RelWithDebInfo|x64.ActiveCfg = RelWithDebInfo|x64
		{C3D3DBCB-1D26-3568-B6FB-D9DB4824C46A}.RelWithDebInfo|x64.Build.0 = RelWithDebInfo|x64
	EndGlobalSection
	GlobalSection(ExtensibilityGlobals) = postSolution
		SolutionGuid = {F16A8ABD-7613-3C0C-9CF7-3A706505C63D}
	EndGlobalSection
	GlobalSection(ExtensibilityAddIns) = postSolution
	EndGlobalSection
EndGlobal
